
Microsoft Visual Studio Solution File, Format Version 12.00
# Visual Studio 15
VisualStudioVersion = 15.0.28307.271
MinimumVisualStudioVersion = 10.0.40219.1
Project("{FAE04EC0-301F-11D3-BF4B-00C04F79EFBC}") = "Classes", "Classes\Classes.csproj", "{30B3E936-4C2B-4A8B-98B0-B92123964DC7}"
EndProject
Project("{FAE04EC0-301F-11D3-BF4B-00C04F79EFBC}") = "Constructors", "Constructors\Constructors.csproj", "{68F0B8B2-BF45-468E-AF2E-6CDD8C7F5A82}"
EndProject
Global
	GlobalSection(SolutionConfigurationPlatforms) = preSolution
		Debug|Any CPU = Debug|Any CPU
		Release|Any CPU = Release|Any CPU
	EndGlobalSection
	GlobalSection(ProjectConfigurationPlatforms) = postSolution
		{30B3E936-4C2B-4A8B-98B0-B92123964DC7}.Debug|Any CPU.ActiveCfg = Debug|Any CPU
		{30B3E936-4C2B-4A8B-98B0-B92123964DC7}.Debug|Any CPU.Build.0 = Debug|Any CPU
		{30B3E936-4C2B-4A8B-98B0-B92123964DC7}.Release|Any CPU.ActiveCfg = Release|Any CPU
		{30B3E936-4C2B-4A8B-98B0-B92123964DC7}.Release|Any CPU.Build.0 = Release|Any CPU
		{68F0B8B2-BF45-468E-AF2E-6CDD8C7F5A82}.Debug|Any CPU.ActiveCfg = Debug|Any CPU
		{68F0B8B2-BF45-468E-AF2E-6CDD8C7F5A82}.Debug|Any CPU.Build.0 = Debug|Any CPU
		{68F0B8B2-BF45-468E-AF2E-6CDD8C7F5A82}.Release|Any CPU.ActiveCfg = Release|Any CPU
		{68F0B8B2-BF45-468E-AF2E-6CDD8C7F5A82}.Release|Any CPU.Build.0 = Release|Any CPU
	EndGlobalSection
	GlobalSection(SolutionProperties) = preSolution
		HideSolutionNode = FALSE
	EndGlobalSection
	GlobalSection(ExtensibilityGlobals) = postSolution
		SolutionGuid = {6435244A-440E-46DE-96BA-0280767564FD}
	EndGlobalSection
EndGlobal
