
Microsoft Visual Studio Solution File, Format Version 12.00
# Visual Studio Version 16
VisualStudioVersion = 16.0.29001.49
MinimumVisualStudioVersion = 10.0.40219.1
Project("{FAE04EC0-301F-11D3-BF4B-00C04F79EFBC}") = "Classes", "Classes\Classes.csproj", "{30B3E936-4C2B-4A8B-98B0-B92123964DC7}"
EndProject
Project("{FAE04EC0-301F-11D3-BF4B-00C04F79EFBC}") = "Constructors", "Constructors\Constructors.csproj", "{68F0B8B2-BF45-468E-AF2E-6CDD8C7F5A82}"
EndProject
Project("{FAE04EC0-301F-11D3-BF4B-00C04F79EFBC}") = "Methods", "Methods\Methods.csproj", "{A8392C44-AC0F-4D77-86E8-07CD0AEA3347}"
EndProject
Project("{FAE04EC0-301F-11D3-BF4B-00C04F79EFBC}") = "Fields", "Fields\Fields.csproj", "{713904EE-F32F-49C8-80AF-B16B62CDC56A}"
EndProject
Project("{FAE04EC0-301F-11D3-BF4B-00C04F79EFBC}") = "AccessModifiers", "AccessModifiers\AccessModifiers.csproj", "{C3987EED-FF03-49E7-8A05-881CB933DC71}"
EndProject
Project("{FAE04EC0-301F-11D3-BF4B-00C04F79EFBC}") = "Properties", "Properties\Properties.csproj", "{922F5AEF-3B69-48AD-8C0A-B52CB7BDF604}"
EndProject
Project("{FAE04EC0-301F-11D3-BF4B-00C04F79EFBC}") = "Indexers", "Indexers\Indexers.csproj", "{EC11AC04-1554-4CCD-9C37-B3DE942C43F6}"
EndProject
Project("{FAE04EC0-301F-11D3-BF4B-00C04F79EFBC}") = "Inheritance", "Inheritance\Inheritance.csproj", "{69DBE45E-7A35-42B0-BCA4-347F70FEC1B0}"
EndProject
Project("{FAE04EC0-301F-11D3-BF4B-00C04F79EFBC}") = "Composition", "Composition\Composition.csproj", "{7E440F68-98C4-4988-A40E-D6C081F5AD10}"
EndProject
Project("{FAE04EC0-301F-11D3-BF4B-00C04F79EFBC}") = "AccessModifiers_2", "AccessModifiers_2\AccessModifiers_2.csproj", "{16E919F1-FEE0-418D-8B0C-6A04761C1FAF}"
EndProject
Project("{FAE04EC0-301F-11D3-BF4B-00C04F79EFBC}") = "AccessModifiers_2_OnlineStore", "AccessModifiers_2_OnlineStore\AccessModifiers_2_OnlineStore.csproj", "{0B3EC751-4CEB-45F6-BDFF-B5708DE48AFB}"
EndProject
Project("{FAE04EC0-301F-11D3-BF4B-00C04F79EFBC}") = "_23_Constructors_And_Inheritance", "_23_Constructors_And_Inheritance\_23_Constructors_And_Inheritance.csproj", "{1757C26F-AD05-4644-84CD-83E5EFFDD1AD}"
EndProject
Project("{FAE04EC0-301F-11D3-BF4B-00C04F79EFBC}") = "_24_Upcasting_And_Downcasting", "_24_Upcasting_And_Downcasting\_24_Upcasting_And_Downcasting.csproj", "{EDC2338F-AA97-4854-8EC5-CAAF4D802515}"
EndProject
Project("{FAE04EC0-301F-11D3-BF4B-00C04F79EFBC}") = "_24_Upcasting_And_Downcasting_WPF", "_24_Upcasting_And_Downcasting_WPF\_24_Upcasting_And_Downcasting_WPF.csproj", "{6A384EE3-DD72-4E29-BFCC-9F56E390B2EF}"
EndProject
Project("{FAE04EC0-301F-11D3-BF4B-00C04F79EFBC}") = "_25_Boxing_And_Unboxing", "_25_Boxing_And_Unboxing\_25_Boxing_And_Unboxing.csproj", "{0D95F346-222F-4304-8709-877EFBC76663}"
EndProject
Project("{FAE04EC0-301F-11D3-BF4B-00C04F79EFBC}") = "_27_Exercises", "_27_Exercises\_27_Exercises.csproj", "{EE565B97-3926-45A6-9297-8A2B16130EFB}"
EndProject
Project("{FAE04EC0-301F-11D3-BF4B-00C04F79EFBC}") = "_27_Exercises_Tests", "_27_Exercises_Tests\_27_Exercises_Tests.csproj", "{FE4A5172-2DDB-4928-B91B-0BFCBF93849D}"
EndProject
Project("{FAE04EC0-301F-11D3-BF4B-00C04F79EFBC}") = "_28_Method_Overriding", "_28_Method_Overriding\_28_Method_Overriding.csproj", "{B3F1BA0A-3B58-4134-A7FB-B73884E2AE6F}"
EndProject
Project("{FAE04EC0-301F-11D3-BF4B-00C04F79EFBC}") = "_29_Abstract_Classes_And_Members", "_29_Abstract_Classes_And_Members\_29_Abstract_Classes_And_Members.csproj", "{88FE3EC9-0961-4F1F-B482-4AAAAB849B61}"
EndProject
Project("{FAE04EC0-301F-11D3-BF4B-00C04F79EFBC}") = "_32_Polymorphism_Exercise", "_32_Polymorphism_Exercise\_32_Polymorphism_Exercise.csproj", "{0C11A1DC-8D73-4CDA-AF9C-F87B3259FAFE}"
EndProject
Global
	GlobalSection(SolutionConfigurationPlatforms) = preSolution
		Debug|Any CPU = Debug|Any CPU
		Release|Any CPU = Release|Any CPU
	EndGlobalSection
	GlobalSection(ProjectConfigurationPlatforms) = postSolution
		{30B3E936-4C2B-4A8B-98B0-B92123964DC7}.Debug|Any CPU.ActiveCfg = Debug|Any CPU
		{30B3E936-4C2B-4A8B-98B0-B92123964DC7}.Debug|Any CPU.Build.0 = Debug|Any CPU
		{30B3E936-4C2B-4A8B-98B0-B92123964DC7}.Release|Any CPU.ActiveCfg = Release|Any CPU
		{30B3E936-4C2B-4A8B-98B0-B92123964DC7}.Release|Any CPU.Build.0 = Release|Any CPU
		{68F0B8B2-BF45-468E-AF2E-6CDD8C7F5A82}.Debug|Any CPU.ActiveCfg = Debug|Any CPU
		{68F0B8B2-BF45-468E-AF2E-6CDD8C7F5A82}.Debug|Any CPU.Build.0 = Debug|Any CPU
		{68F0B8B2-BF45-468E-AF2E-6CDD8C7F5A82}.Release|Any CPU.ActiveCfg = Release|Any CPU
		{68F0B8B2-BF45-468E-AF2E-6CDD8C7F5A82}.Release|Any CPU.Build.0 = Release|Any CPU
		{A8392C44-AC0F-4D77-86E8-07CD0AEA3347}.Debug|Any CPU.ActiveCfg = Debug|Any CPU
		{A8392C44-AC0F-4D77-86E8-07CD0AEA3347}.Debug|Any CPU.Build.0 = Debug|Any CPU
		{A8392C44-AC0F-4D77-86E8-07CD0AEA3347}.Release|Any CPU.ActiveCfg = Release|Any CPU
		{A8392C44-AC0F-4D77-86E8-07CD0AEA3347}.Release|Any CPU.Build.0 = Release|Any CPU
		{713904EE-F32F-49C8-80AF-B16B62CDC56A}.Debug|Any CPU.ActiveCfg = Debug|Any CPU
		{713904EE-F32F-49C8-80AF-B16B62CDC56A}.Debug|Any CPU.Build.0 = Debug|Any CPU
		{713904EE-F32F-49C8-80AF-B16B62CDC56A}.Release|Any CPU.ActiveCfg = Release|Any CPU
		{713904EE-F32F-49C8-80AF-B16B62CDC56A}.Release|Any CPU.Build.0 = Release|Any CPU
		{C3987EED-FF03-49E7-8A05-881CB933DC71}.Debug|Any CPU.ActiveCfg = Debug|Any CPU
		{C3987EED-FF03-49E7-8A05-881CB933DC71}.Debug|Any CPU.Build.0 = Debug|Any CPU
		{C3987EED-FF03-49E7-8A05-881CB933DC71}.Release|Any CPU.ActiveCfg = Release|Any CPU
		{C3987EED-FF03-49E7-8A05-881CB933DC71}.Release|Any CPU.Build.0 = Release|Any CPU
		{922F5AEF-3B69-48AD-8C0A-B52CB7BDF604}.Debug|Any CPU.ActiveCfg = Debug|Any CPU
		{922F5AEF-3B69-48AD-8C0A-B52CB7BDF604}.Debug|Any CPU.Build.0 = Debug|Any CPU
		{922F5AEF-3B69-48AD-8C0A-B52CB7BDF604}.Release|Any CPU.ActiveCfg = Release|Any CPU
		{922F5AEF-3B69-48AD-8C0A-B52CB7BDF604}.Release|Any CPU.Build.0 = Release|Any CPU
		{EC11AC04-1554-4CCD-9C37-B3DE942C43F6}.Debug|Any CPU.ActiveCfg = Debug|Any CPU
		{EC11AC04-1554-4CCD-9C37-B3DE942C43F6}.Debug|Any CPU.Build.0 = Debug|Any CPU
		{EC11AC04-1554-4CCD-9C37-B3DE942C43F6}.Release|Any CPU.ActiveCfg = Release|Any CPU
		{EC11AC04-1554-4CCD-9C37-B3DE942C43F6}.Release|Any CPU.Build.0 = Release|Any CPU
		{69DBE45E-7A35-42B0-BCA4-347F70FEC1B0}.Debug|Any CPU.ActiveCfg = Debug|Any CPU
		{69DBE45E-7A35-42B0-BCA4-347F70FEC1B0}.Debug|Any CPU.Build.0 = Debug|Any CPU
		{69DBE45E-7A35-42B0-BCA4-347F70FEC1B0}.Release|Any CPU.ActiveCfg = Release|Any CPU
		{69DBE45E-7A35-42B0-BCA4-347F70FEC1B0}.Release|Any CPU.Build.0 = Release|Any CPU
		{7E440F68-98C4-4988-A40E-D6C081F5AD10}.Debug|Any CPU.ActiveCfg = Debug|Any CPU
		{7E440F68-98C4-4988-A40E-D6C081F5AD10}.Debug|Any CPU.Build.0 = Debug|Any CPU
		{7E440F68-98C4-4988-A40E-D6C081F5AD10}.Release|Any CPU.ActiveCfg = Release|Any CPU
		{7E440F68-98C4-4988-A40E-D6C081F5AD10}.Release|Any CPU.Build.0 = Release|Any CPU
		{16E919F1-FEE0-418D-8B0C-6A04761C1FAF}.Debug|Any CPU.ActiveCfg = Debug|Any CPU
		{16E919F1-FEE0-418D-8B0C-6A04761C1FAF}.Debug|Any CPU.Build.0 = Debug|Any CPU
		{16E919F1-FEE0-418D-8B0C-6A04761C1FAF}.Release|Any CPU.ActiveCfg = Release|Any CPU
		{16E919F1-FEE0-418D-8B0C-6A04761C1FAF}.Release|Any CPU.Build.0 = Release|Any CPU
		{0B3EC751-4CEB-45F6-BDFF-B5708DE48AFB}.Debug|Any CPU.ActiveCfg = Debug|Any CPU
		{0B3EC751-4CEB-45F6-BDFF-B5708DE48AFB}.Debug|Any CPU.Build.0 = Debug|Any CPU
		{0B3EC751-4CEB-45F6-BDFF-B5708DE48AFB}.Release|Any CPU.ActiveCfg = Release|Any CPU
		{0B3EC751-4CEB-45F6-BDFF-B5708DE48AFB}.Release|Any CPU.Build.0 = Release|Any CPU
		{1757C26F-AD05-4644-84CD-83E5EFFDD1AD}.Debug|Any CPU.ActiveCfg = Debug|Any CPU
		{1757C26F-AD05-4644-84CD-83E5EFFDD1AD}.Debug|Any CPU.Build.0 = Debug|Any CPU
		{1757C26F-AD05-4644-84CD-83E5EFFDD1AD}.Release|Any CPU.ActiveCfg = Release|Any CPU
		{1757C26F-AD05-4644-84CD-83E5EFFDD1AD}.Release|Any CPU.Build.0 = Release|Any CPU
		{EDC2338F-AA97-4854-8EC5-CAAF4D802515}.Debug|Any CPU.ActiveCfg = Debug|Any CPU
		{EDC2338F-AA97-4854-8EC5-CAAF4D802515}.Debug|Any CPU.Build.0 = Debug|Any CPU
		{EDC2338F-AA97-4854-8EC5-CAAF4D802515}.Release|Any CPU.ActiveCfg = Release|Any CPU
		{EDC2338F-AA97-4854-8EC5-CAAF4D802515}.Release|Any CPU.Build.0 = Release|Any CPU
		{6A384EE3-DD72-4E29-BFCC-9F56E390B2EF}.Debug|Any CPU.ActiveCfg = Debug|Any CPU
		{6A384EE3-DD72-4E29-BFCC-9F56E390B2EF}.Debug|Any CPU.Build.0 = Debug|Any CPU
		{6A384EE3-DD72-4E29-BFCC-9F56E390B2EF}.Release|Any CPU.ActiveCfg = Release|Any CPU
		{6A384EE3-DD72-4E29-BFCC-9F56E390B2EF}.Release|Any CPU.Build.0 = Release|Any CPU
		{0D95F346-222F-4304-8709-877EFBC76663}.Debug|Any CPU.ActiveCfg = Debug|Any CPU
		{0D95F346-222F-4304-8709-877EFBC76663}.Debug|Any CPU.Build.0 = Debug|Any CPU
		{0D95F346-222F-4304-8709-877EFBC76663}.Release|Any CPU.ActiveCfg = Release|Any CPU
		{0D95F346-222F-4304-8709-877EFBC76663}.Release|Any CPU.Build.0 = Release|Any CPU
		{EE565B97-3926-45A6-9297-8A2B16130EFB}.Debug|Any CPU.ActiveCfg = Debug|Any CPU
		{EE565B97-3926-45A6-9297-8A2B16130EFB}.Debug|Any CPU.Build.0 = Debug|Any CPU
		{EE565B97-3926-45A6-9297-8A2B16130EFB}.Release|Any CPU.ActiveCfg = Release|Any CPU
		{EE565B97-3926-45A6-9297-8A2B16130EFB}.Release|Any CPU.Build.0 = Release|Any CPU
		{FE4A5172-2DDB-4928-B91B-0BFCBF93849D}.Debug|Any CPU.ActiveCfg = Debug|Any CPU
		{FE4A5172-2DDB-4928-B91B-0BFCBF93849D}.Debug|Any CPU.Build.0 = Debug|Any CPU
		{FE4A5172-2DDB-4928-B91B-0BFCBF93849D}.Release|Any CPU.ActiveCfg = Release|Any CPU
		{FE4A5172-2DDB-4928-B91B-0BFCBF93849D}.Release|Any CPU.Build.0 = Release|Any CPU
		{B3F1BA0A-3B58-4134-A7FB-B73884E2AE6F}.Debug|Any CPU.ActiveCfg = Debug|Any CPU
		{B3F1BA0A-3B58-4134-A7FB-B73884E2AE6F}.Debug|Any CPU.Build.0 = Debug|Any CPU
		{B3F1BA0A-3B58-4134-A7FB-B73884E2AE6F}.Release|Any CPU.ActiveCfg = Release|Any CPU
		{B3F1BA0A-3B58-4134-A7FB-B73884E2AE6F}.Release|Any CPU.Build.0 = Release|Any CPU
		{88FE3EC9-0961-4F1F-B482-4AAAAB849B61}.Debug|Any CPU.ActiveCfg = Debug|Any CPU
		{88FE3EC9-0961-4F1F-B482-4AAAAB849B61}.Debug|Any CPU.Build.0 = Debug|Any CPU
		{88FE3EC9-0961-4F1F-B482-4AAAAB849B61}.Release|Any CPU.ActiveCfg = Release|Any CPU
		{88FE3EC9-0961-4F1F-B482-4AAAAB849B61}.Release|Any CPU.Build.0 = Release|Any CPU
		{0C11A1DC-8D73-4CDA-AF9C-F87B3259FAFE}.Debug|Any CPU.ActiveCfg = Debug|Any CPU
		{0C11A1DC-8D73-4CDA-AF9C-F87B3259FAFE}.Debug|Any CPU.Build.0 = Debug|Any CPU
		{0C11A1DC-8D73-4CDA-AF9C-F87B3259FAFE}.Release|Any CPU.ActiveCfg = Release|Any CPU
		{0C11A1DC-8D73-4CDA-AF9C-F87B3259FAFE}.Release|Any CPU.Build.0 = Release|Any CPU
	EndGlobalSection
	GlobalSection(SolutionProperties) = preSolution
		HideSolutionNode = FALSE
	EndGlobalSection
	GlobalSection(ExtensibilityGlobals) = postSolution
		SolutionGuid = {6435244A-440E-46DE-96BA-0280767564FD}
	EndGlobalSection
EndGlobal
